
Microsoft Visual Studio Solution File, Format Version 12.00
# Visual Studio Version 16
VisualStudioVersion = 16.0.31729.503
MinimumVisualStudioVersion = 10.0.40219.1
Project("{FAE04EC0-301F-11D3-BF4B-00C04F79EFBC}") = "0226", "0226\0226.csproj", "{E6A39A5D-B014-4B52-8A95-9EF67230D96A}"
EndProject
Project("{FAE04EC0-301F-11D3-BF4B-00C04F79EFBC}") = "main", "main\main.csproj", "{A7CFE412-15EF-4738-AD46-F0A6BB5FA460}"
EndProject
Project("{FAE04EC0-301F-11D3-BF4B-00C04F79EFBC}") = "BlackJack", "BlackJack\BlackJack.csproj", "{D91982A5-497E-4EDD-98E8-D4EF2AB88670}"
EndProject
Global
	GlobalSection(SolutionConfigurationPlatforms) = preSolution
		Debug|Any CPU = Debug|Any CPU
		Release|Any CPU = Release|Any CPU
	EndGlobalSection
	GlobalSection(ProjectConfigurationPlatforms) = postSolution
		{E6A39A5D-B014-4B52-8A95-9EF67230D96A}.Debug|Any CPU.ActiveCfg = Debug|Any CPU
		{E6A39A5D-B014-4B52-8A95-9EF67230D96A}.Debug|Any CPU.Build.0 = Debug|Any CPU
		{E6A39A5D-B014-4B52-8A95-9EF67230D96A}.Release|Any CPU.ActiveCfg = Release|Any CPU
		{E6A39A5D-B014-4B52-8A95-9EF67230D96A}.Release|Any CPU.Build.0 = Release|Any CPU
		{A7CFE412-15EF-4738-AD46-F0A6BB5FA460}.Debug|Any CPU.ActiveCfg = Debug|Any CPU
		{A7CFE412-15EF-4738-AD46-F0A6BB5FA460}.Debug|Any CPU.Build.0 = Debug|Any CPU
		{A7CFE412-15EF-4738-AD46-F0A6BB5FA460}.Release|Any CPU.ActiveCfg = Release|Any CPU
		{A7CFE412-15EF-4738-AD46-F0A6BB5FA460}.Release|Any CPU.Build.0 = Release|Any CPU
		{D91982A5-497E-4EDD-98E8-D4EF2AB88670}.Debug|Any CPU.ActiveCfg = Debug|Any CPU
		{D91982A5-497E-4EDD-98E8-D4EF2AB88670}.Debug|Any CPU.Build.0 = Debug|Any CPU
		{D91982A5-497E-4EDD-98E8-D4EF2AB88670}.Release|Any CPU.ActiveCfg = Release|Any CPU
		{D91982A5-497E-4EDD-98E8-D4EF2AB88670}.Release|Any CPU.Build.0 = Release|Any CPU
	EndGlobalSection
	GlobalSection(SolutionProperties) = preSolution
		HideSolutionNode = FALSE
	EndGlobalSection
	GlobalSection(ExtensibilityGlobals) = postSolution
		SolutionGuid = {D6DA9A86-535D-471E-899B-AF4D2854C65F}
	EndGlobalSection
EndGlobal
